
Microsoft Visual Studio Solution File, Format Version 12.00
# Visual Studio 2013
VisualStudioVersion = 12.0.30501.0
MinimumVisualStudioVersion = 10.0.40219.1
Project("{FAE04EC0-301F-11D3-BF4B-00C04F79EFBC}") = "WorkstationController", "WorkStationController\WorkstationController.csproj", "{FAEFEEA8-C6D6-45F0-89C1-684EA323FB01}"
EndProject
Project("{FAE04EC0-301F-11D3-BF4B-00C04F79EFBC}") = "WorkstationController.Control", "WorkStationController.Control\WorkstationController.Control.csproj", "{789BB44F-D2C3-4A2A-8262-34214D65D9D0}"
EndProject
Project("{FAE04EC0-301F-11D3-BF4B-00C04F79EFBC}") = "WorkstationController.Core", "WorkStationController.Core\WorkstationController.Core.csproj", "{C3BA4CCF-E014-4E15-BE64-1675C58EF27A}"
EndProject
Project("{2150E333-8FDC-42A3-9474-1A3956D46DE8}") = "Test", "Test", "{C83DF5AE-B1F6-4D6C-B535-17796C517F9C}"
EndProject
Project("{FAE04EC0-301F-11D3-BF4B-00C04F79EFBC}") = "WorkstationController.Core.UnitTest", "WorkstationController.Core.UnitTest\WorkstationController.Core.UnitTest.csproj", "{91612205-CB2D-4593-9DBE-DE122BEDDDEC}"
EndProject
Project("{FAE04EC0-301F-11D3-BF4B-00C04F79EFBC}") = "WorkstationController.Visual", "WorkstationController.Visual\WorkstationController.Visual.csproj", "{575166A6-3F77-4C58-925F-441D7A1F5E87}"
EndProject
Project("{FAE04EC0-301F-11D3-BF4B-00C04F79EFBC}") = "WorkstationController.VisualTests", "WorkstationController.WorktableVisualTest\WorkstationController.VisualTests.csproj", "{88FC3037-8D83-440A-B955-A09E2855B91D}"
EndProject
Project("{FAE04EC0-301F-11D3-BF4B-00C04F79EFBC}") = "WorkstationController.UserControlTests", "WorkstationController.EditorTests\WorkstationController.UserControlTests.csproj", "{C100F7E9-C835-401E-B24B-D542ED3401A7}"
EndProject
Project("{FAE04EC0-301F-11D3-BF4B-00C04F79EFBC}") = "WorkstationController.Hardware", "WorkStationController.Hardware\WorkstationController.Hardware.csproj", "{D8B83067-6FB6-4E8E-A2BD-5CCEDC0A9C08}"
EndProject
Project("{FAE04EC0-301F-11D3-BF4B-00C04F79EFBC}") = "WTPipetting", "WTPipetting\WTPipetting.csproj", "{65C69D80-64B7-443B-8F8D-C0C8E144B405}"
EndProject
Project("{FAE04EC0-301F-11D3-BF4B-00C04F79EFBC}") = "SKHardwareController", "SKHardwareController\SKHardwareController.csproj", "{D694A181-FCA1-452D-AE1E-7062EADE83A8}"
EndProject
Global
	GlobalSection(SolutionConfigurationPlatforms) = preSolution
		Debug|Any CPU = Debug|Any CPU
		Release|Any CPU = Release|Any CPU
	EndGlobalSection
	GlobalSection(ProjectConfigurationPlatforms) = postSolution
		{FAEFEEA8-C6D6-45F0-89C1-684EA323FB01}.Debug|Any CPU.ActiveCfg = Debug|Any CPU
		{FAEFEEA8-C6D6-45F0-89C1-684EA323FB01}.Debug|Any CPU.Build.0 = Debug|Any CPU
		{FAEFEEA8-C6D6-45F0-89C1-684EA323FB01}.Release|Any CPU.ActiveCfg = Release|Any CPU
		{FAEFEEA8-C6D6-45F0-89C1-684EA323FB01}.Release|Any CPU.Build.0 = Release|Any CPU
		{789BB44F-D2C3-4A2A-8262-34214D65D9D0}.Debug|Any CPU.ActiveCfg = Debug|Any CPU
		{789BB44F-D2C3-4A2A-8262-34214D65D9D0}.Debug|Any CPU.Build.0 = Debug|Any CPU
		{789BB44F-D2C3-4A2A-8262-34214D65D9D0}.Release|Any CPU.ActiveCfg = Release|Any CPU
		{789BB44F-D2C3-4A2A-8262-34214D65D9D0}.Release|Any CPU.Build.0 = Release|Any CPU
		{C3BA4CCF-E014-4E15-BE64-1675C58EF27A}.Debug|Any CPU.ActiveCfg = Debug|Any CPU
		{C3BA4CCF-E014-4E15-BE64-1675C58EF27A}.Debug|Any CPU.Build.0 = Debug|Any CPU
		{C3BA4CCF-E014-4E15-BE64-1675C58EF27A}.Release|Any CPU.ActiveCfg = Release|Any CPU
		{C3BA4CCF-E014-4E15-BE64-1675C58EF27A}.Release|Any CPU.Build.0 = Release|Any CPU
		{91612205-CB2D-4593-9DBE-DE122BEDDDEC}.Debug|Any CPU.ActiveCfg = Debug|Any CPU
		{91612205-CB2D-4593-9DBE-DE122BEDDDEC}.Debug|Any CPU.Build.0 = Debug|Any CPU
		{91612205-CB2D-4593-9DBE-DE122BEDDDEC}.Release|Any CPU.ActiveCfg = Release|Any CPU
		{91612205-CB2D-4593-9DBE-DE122BEDDDEC}.Release|Any CPU.Build.0 = Release|Any CPU
		{575166A6-3F77-4C58-925F-441D7A1F5E87}.Debug|Any CPU.ActiveCfg = Debug|Any CPU
		{575166A6-3F77-4C58-925F-441D7A1F5E87}.Debug|Any CPU.Build.0 = Debug|Any CPU
		{575166A6-3F77-4C58-925F-441D7A1F5E87}.Release|Any CPU.ActiveCfg = Release|Any CPU
		{575166A6-3F77-4C58-925F-441D7A1F5E87}.Release|Any CPU.Build.0 = Release|Any CPU
		{88FC3037-8D83-440A-B955-A09E2855B91D}.Debug|Any CPU.ActiveCfg = Debug|Any CPU
		{88FC3037-8D83-440A-B955-A09E2855B91D}.Debug|Any CPU.Build.0 = Debug|Any CPU
		{88FC3037-8D83-440A-B955-A09E2855B91D}.Release|Any CPU.ActiveCfg = Release|Any CPU
		{88FC3037-8D83-440A-B955-A09E2855B91D}.Release|Any CPU.Build.0 = Release|Any CPU
		{C100F7E9-C835-401E-B24B-D542ED3401A7}.Debug|Any CPU.ActiveCfg = Debug|Any CPU
		{C100F7E9-C835-401E-B24B-D542ED3401A7}.Debug|Any CPU.Build.0 = Debug|Any CPU
		{C100F7E9-C835-401E-B24B-D542ED3401A7}.Release|Any CPU.ActiveCfg = Release|Any CPU
		{C100F7E9-C835-401E-B24B-D542ED3401A7}.Release|Any CPU.Build.0 = Release|Any CPU
		{D8B83067-6FB6-4E8E-A2BD-5CCEDC0A9C08}.Debug|Any CPU.ActiveCfg = Debug|Any CPU
		{D8B83067-6FB6-4E8E-A2BD-5CCEDC0A9C08}.Debug|Any CPU.Build.0 = Debug|Any CPU
		{D8B83067-6FB6-4E8E-A2BD-5CCEDC0A9C08}.Release|Any CPU.ActiveCfg = Release|Any CPU
		{D8B83067-6FB6-4E8E-A2BD-5CCEDC0A9C08}.Release|Any CPU.Build.0 = Release|Any CPU
		{65C69D80-64B7-443B-8F8D-C0C8E144B405}.Debug|Any CPU.ActiveCfg = Debug|Any CPU
		{65C69D80-64B7-443B-8F8D-C0C8E144B405}.Debug|Any CPU.Build.0 = Debug|Any CPU
		{65C69D80-64B7-443B-8F8D-C0C8E144B405}.Release|Any CPU.ActiveCfg = Release|Any CPU
		{65C69D80-64B7-443B-8F8D-C0C8E144B405}.Release|Any CPU.Build.0 = Release|Any CPU
		{D694A181-FCA1-452D-AE1E-7062EADE83A8}.Debug|Any CPU.ActiveCfg = Debug|Any CPU
		{D694A181-FCA1-452D-AE1E-7062EADE83A8}.Debug|Any CPU.Build.0 = Debug|Any CPU
		{D694A181-FCA1-452D-AE1E-7062EADE83A8}.Release|Any CPU.ActiveCfg = Release|Any CPU
		{D694A181-FCA1-452D-AE1E-7062EADE83A8}.Release|Any CPU.Build.0 = Release|Any CPU
	EndGlobalSection
	GlobalSection(SolutionProperties) = preSolution
		HideSolutionNode = FALSE
	EndGlobalSection
	GlobalSection(NestedProjects) = preSolution
		{91612205-CB2D-4593-9DBE-DE122BEDDDEC} = {C83DF5AE-B1F6-4D6C-B535-17796C517F9C}
		{88FC3037-8D83-440A-B955-A09E2855B91D} = {C83DF5AE-B1F6-4D6C-B535-17796C517F9C}
		{C100F7E9-C835-401E-B24B-D542ED3401A7} = {C83DF5AE-B1F6-4D6C-B535-17796C517F9C}
	EndGlobalSection
EndGlobal
